
Microsoft Visual Studio Solution File, Format Version 12.00
# Visual Studio Version 16
VisualStudioVersion = 16.0.31515.178
MinimumVisualStudioVersion = 10.0.40219.1
Project("{FAE04EC0-301F-11D3-BF4B-00C04F79EFBC}") = "Hesap Makinesi 0.0.2", "Hesap Makinesi 0.0.2\Hesap Makinesi 0.0.2.csproj", "{7324F90F-AB66-4E91-AE8D-EADBD37747E0}"
EndProject
Global
	GlobalSection(SolutionConfigurationPlatforms) = preSolution
		Debug|Any CPU = Debug|Any CPU
		Release|Any CPU = Release|Any CPU
	EndGlobalSection
	GlobalSection(ProjectConfigurationPlatforms) = postSolution
		{7324F90F-AB66-4E91-AE8D-EADBD37747E0}.Debug|Any CPU.ActiveCfg = Debug|Any CPU
		{7324F90F-AB66-4E91-AE8D-EADBD37747E0}.Debug|Any CPU.Build.0 = Debug|Any CPU
		{7324F90F-AB66-4E91-AE8D-EADBD37747E0}.Release|Any CPU.ActiveCfg = Release|Any CPU
		{7324F90F-AB66-4E91-AE8D-EADBD37747E0}.Release|Any CPU.Build.0 = Release|Any CPU
	EndGlobalSection
	GlobalSection(SolutionProperties) = preSolution
		HideSolutionNode = FALSE
	EndGlobalSection
	GlobalSection(ExtensibilityGlobals) = postSolution
		SolutionGuid = {C2AC202E-F2DF-49E5-B0F0-9515BEC9DEFF}
	EndGlobalSection
EndGlobal
